
Microsoft Visual Studio Solution File, Format Version 12.00
# Visual Studio Version 16
VisualStudioVersion = 16.0.31515.178
MinimumVisualStudioVersion = 10.0.40219.1
Project("{F184B08F-C81C-45F6-A57F-5ABD9991F28F}") = "Proyecto MAD", "Proyecto MAD.vbproj", "{8B45BE46-AAAF-44DF-B422-007EC976967E}"
EndProject
Global
	GlobalSection(SolutionConfigurationPlatforms) = preSolution
		Debug|Any CPU = Debug|Any CPU
		Release|Any CPU = Release|Any CPU
	EndGlobalSection
	GlobalSection(ProjectConfigurationPlatforms) = postSolution
		{8B45BE46-AAAF-44DF-B422-007EC976967E}.Debug|Any CPU.ActiveCfg = Debug|Any CPU
		{8B45BE46-AAAF-44DF-B422-007EC976967E}.Debug|Any CPU.Build.0 = Debug|Any CPU
		{8B45BE46-AAAF-44DF-B422-007EC976967E}.Release|Any CPU.ActiveCfg = Release|Any CPU
		{8B45BE46-AAAF-44DF-B422-007EC976967E}.Release|Any CPU.Build.0 = Release|Any CPU
	EndGlobalSection
	GlobalSection(SolutionProperties) = preSolution
		HideSolutionNode = FALSE
	EndGlobalSection
	GlobalSection(ExtensibilityGlobals) = postSolution
		SolutionGuid = {63552433-016E-46DC-8BDA-C27089011F39}
	EndGlobalSection
EndGlobal
